
Microsoft Visual Studio Solution File, Format Version 12.00
# Visual Studio 2012
Project("{FAE04EC0-301F-11D3-BF4B-00C04F79EFBC}") = "StopsDialog.Xamarin", "StopsDialog.Xamarin\StopsDialog.Xamarin.csproj", "{7E930883-810A-4EAF-8839-65B183D81136}"
EndProject
Global
	GlobalSection(SolutionConfigurationPlatforms) = preSolution
		Debug|Any CPU = Debug|Any CPU
		Release|Any CPU = Release|Any CPU
	EndGlobalSection
	GlobalSection(ProjectConfigurationPlatforms) = postSolution
		{7E930883-810A-4EAF-8839-65B183D81136}.Debug|Any CPU.ActiveCfg = Debug|Any CPU
		{7E930883-810A-4EAF-8839-65B183D81136}.Debug|Any CPU.Build.0 = Debug|Any CPU
		{7E930883-810A-4EAF-8839-65B183D81136}.Release|Any CPU.ActiveCfg = Release|Any CPU
		{7E930883-810A-4EAF-8839-65B183D81136}.Release|Any CPU.Build.0 = Release|Any CPU
	EndGlobalSection
	GlobalSection(MonoDevelopProperties) = preSolution
		Policies = $0
		$0.DotNetNamingPolicy = $1
		$1.DirectoryNamespaceAssociation = PrefixedHierarchical
		$0.TextStylePolicy = $2
		$2.inheritsSet = null
		$2.scope = text/x-csharp
		$0.CSharpFormattingPolicy = $3
		$3.scope = text/x-csharp
		$0.TextStylePolicy = $4
		$4.FileWidth = 80
		$4.TabsToSpaces = True
		$4.scope = text/plain
		$0.TextStylePolicy = $5
		$5.inheritsSet = null
		$5.scope = application/xml
		$0.XmlFormattingPolicy = $6
		$6.scope = application/xml
		$0.StandardHeader = $7
		$0.VersionControlPolicy = $8
		description = @Spots progress dialog\nAndroid AlertDialog with moving spots progress indicator packed as android library.\nhttps://github.com/d-max/spots-dialog
		version = 0.7
	EndGlobalSection
EndGlobal
